
Microsoft Visual Studio Solution File, Format Version 12.00
# Visual Studio Version 17
VisualStudioVersion = 17.3.32825.248
MinimumVisualStudioVersion = 10.0.40219.1
Project("{FAE04EC0-301F-11D3-BF4B-00C04F79EFBC}") = "UP02", "UP02\UP02.csproj", "{CFA21BE2-0597-422F-8ADB-42178E80F643}"
EndProject
Project("{FAE04EC0-301F-11D3-BF4B-00C04F79EFBC}") = "UnitTestProject1", "UnitTestProject1\UnitTestProject1.csproj", "{5A573E8E-58E1-47DC-BB46-30C4AC8CA1CF}"
EndProject
Global
	GlobalSection(SolutionConfigurationPlatforms) = preSolution
		Debug|Any CPU = Debug|Any CPU
		Release|Any CPU = Release|Any CPU
	EndGlobalSection
	GlobalSection(ProjectConfigurationPlatforms) = postSolution
		{CFA21BE2-0597-422F-8ADB-42178E80F643}.Debug|Any CPU.ActiveCfg = Debug|Any CPU
		{CFA21BE2-0597-422F-8ADB-42178E80F643}.Debug|Any CPU.Build.0 = Debug|Any CPU
		{CFA21BE2-0597-422F-8ADB-42178E80F643}.Release|Any CPU.ActiveCfg = Release|Any CPU
		{CFA21BE2-0597-422F-8ADB-42178E80F643}.Release|Any CPU.Build.0 = Release|Any CPU
		{5A573E8E-58E1-47DC-BB46-30C4AC8CA1CF}.Debug|Any CPU.ActiveCfg = Debug|Any CPU
		{5A573E8E-58E1-47DC-BB46-30C4AC8CA1CF}.Debug|Any CPU.Build.0 = Debug|Any CPU
		{5A573E8E-58E1-47DC-BB46-30C4AC8CA1CF}.Release|Any CPU.ActiveCfg = Release|Any CPU
		{5A573E8E-58E1-47DC-BB46-30C4AC8CA1CF}.Release|Any CPU.Build.0 = Release|Any CPU
	EndGlobalSection
	GlobalSection(SolutionProperties) = preSolution
		HideSolutionNode = FALSE
	EndGlobalSection
	GlobalSection(ExtensibilityGlobals) = postSolution
		SolutionGuid = {034398D7-A23B-4464-B67D-B613624888F4}
	EndGlobalSection
EndGlobal
